# THIS IS AN AUTOGENERATED FILE. DO NOT EDIT THIS FILE DIRECTLY.
# yarn lockfile v1


qiniu-js@^2.5.4:
  version "2.5.4"
  resolved "https://registry.yarnpkg.com/qiniu-js/-/qiniu-js-2.5.4.tgz#9d708bbdb9b5c326a42b59900eacd6d4497c81e4"
  integrity sha512-3zx4ZrTB3LEUgEb7LHM75e9OR5E5vLZzB4c1gUMqk40FK0MHFOXA0xEFOwqJvEF03bdT+mcKmHvgVG8Gp6zwew==
